
Microsoft Visual Studio Solution File, Format Version 12.00
# Visual Studio Version 17
VisualStudioVersion = 17.0.31903.59
MinimumVisualStudioVersion = 10.0.40219.1
Project("{2150E333-8FDC-42A3-9474-1A3956D46DE8}") = "Tests", "Tests", "{5302310A-54B1-4D22-A4EE-33D436F7CBCC}"
EndProject
Project("{2150E333-8FDC-42A3-9474-1A3956D46DE8}") = "Src", "Src", "{1C7389AE-AFC5-4C9A-826A-0CA0745C2E76}"
EndProject
Project("{FAE04EC0-301F-11D3-BF4B-00C04F79EFBC}") = "Restaurants.API", "Src\Restaurants.API\Restaurants.API.csproj", "{84DEA3E9-CA05-4310-B905-16D5433F19FF}"
EndProject
Project("{FAE04EC0-301F-11D3-BF4B-00C04F79EFBC}") = "Restaurants.Application", "Src\Restaurants.Application\Restaurants.Application.csproj", "{7F5C31FA-943E-4C21-83E8-7C7421017301}"
EndProject
Project("{FAE04EC0-301F-11D3-BF4B-00C04F79EFBC}") = "Restaurants.Domain", "Src\Restaurants.Domain\Restaurants.Domain.csproj", "{E5414E5F-BA8A-41F7-BBD9-F7A81F04629B}"
EndProject
Project("{FAE04EC0-301F-11D3-BF4B-00C04F79EFBC}") = "Restaurants.Infrastructure", "Src\Restaurants.Infrastructure\Restaurants.Infrastructure.csproj", "{9C31A865-FBFD-4929-8C63-64AFE593F2C5}"
EndProject
Project("{FAE04EC0-301F-11D3-BF4B-00C04F79EFBC}") = "Restaurants.API.Tests", "Tests\Restaurants.API.Tests\Restaurants.API.Tests.csproj", "{EA05F7B8-8B57-4E5D-8EC7-382113AA50CE}"
EndProject
Project("{FAE04EC0-301F-11D3-BF4B-00C04F79EFBC}") = "Restaurants.Application.Tests", "Tests\Restaurants.Application.Tests\Restaurants.Application.Tests.csproj", "{000E77C9-8D7B-43CF-8796-DCF983BA1F4D}"
EndProject
Project("{FAE04EC0-301F-11D3-BF4B-00C04F79EFBC}") = "Restaurants.Infrastructure.Tests", "Tests\Restaurants.Infrastructure.Tests\Restaurants.Infrastructure.Tests.csproj", "{049C2349-539D-4C83-A644-ECBFA4670533}"
EndProject
Global
	GlobalSection(SolutionConfigurationPlatforms) = preSolution
		Debug|Any CPU = Debug|Any CPU
		Release|Any CPU = Release|Any CPU
	EndGlobalSection
	GlobalSection(SolutionProperties) = preSolution
		HideSolutionNode = FALSE
	EndGlobalSection
	GlobalSection(ProjectConfigurationPlatforms) = postSolution
		{84DEA3E9-CA05-4310-B905-16D5433F19FF}.Debug|Any CPU.ActiveCfg = Debug|Any CPU
		{84DEA3E9-CA05-4310-B905-16D5433F19FF}.Debug|Any CPU.Build.0 = Debug|Any CPU
		{84DEA3E9-CA05-4310-B905-16D5433F19FF}.Release|Any CPU.ActiveCfg = Release|Any CPU
		{84DEA3E9-CA05-4310-B905-16D5433F19FF}.Release|Any CPU.Build.0 = Release|Any CPU
		{7F5C31FA-943E-4C21-83E8-7C7421017301}.Debug|Any CPU.ActiveCfg = Debug|Any CPU
		{7F5C31FA-943E-4C21-83E8-7C7421017301}.Debug|Any CPU.Build.0 = Debug|Any CPU
		{7F5C31FA-943E-4C21-83E8-7C7421017301}.Release|Any CPU.ActiveCfg = Release|Any CPU
		{7F5C31FA-943E-4C21-83E8-7C7421017301}.Release|Any CPU.Build.0 = Release|Any CPU
		{E5414E5F-BA8A-41F7-BBD9-F7A81F04629B}.Debug|Any CPU.ActiveCfg = Debug|Any CPU
		{E5414E5F-BA8A-41F7-BBD9-F7A81F04629B}.Debug|Any CPU.Build.0 = Debug|Any CPU
		{E5414E5F-BA8A-41F7-BBD9-F7A81F04629B}.Release|Any CPU.ActiveCfg = Release|Any CPU
		{E5414E5F-BA8A-41F7-BBD9-F7A81F04629B}.Release|Any CPU.Build.0 = Release|Any CPU
		{9C31A865-FBFD-4929-8C63-64AFE593F2C5}.Debug|Any CPU.ActiveCfg = Debug|Any CPU
		{9C31A865-FBFD-4929-8C63-64AFE593F2C5}.Debug|Any CPU.Build.0 = Debug|Any CPU
		{9C31A865-FBFD-4929-8C63-64AFE593F2C5}.Release|Any CPU.ActiveCfg = Release|Any CPU
		{9C31A865-FBFD-4929-8C63-64AFE593F2C5}.Release|Any CPU.Build.0 = Release|Any CPU
		{EA05F7B8-8B57-4E5D-8EC7-382113AA50CE}.Debug|Any CPU.ActiveCfg = Debug|Any CPU
		{EA05F7B8-8B57-4E5D-8EC7-382113AA50CE}.Debug|Any CPU.Build.0 = Debug|Any CPU
		{EA05F7B8-8B57-4E5D-8EC7-382113AA50CE}.Release|Any CPU.ActiveCfg = Release|Any CPU
		{EA05F7B8-8B57-4E5D-8EC7-382113AA50CE}.Release|Any CPU.Build.0 = Release|Any CPU
		{000E77C9-8D7B-43CF-8796-DCF983BA1F4D}.Debug|Any CPU.ActiveCfg = Debug|Any CPU
		{000E77C9-8D7B-43CF-8796-DCF983BA1F4D}.Debug|Any CPU.Build.0 = Debug|Any CPU
		{000E77C9-8D7B-43CF-8796-DCF983BA1F4D}.Release|Any CPU.ActiveCfg = Release|Any CPU
		{000E77C9-8D7B-43CF-8796-DCF983BA1F4D}.Release|Any CPU.Build.0 = Release|Any CPU
		{049C2349-539D-4C83-A644-ECBFA4670533}.Debug|Any CPU.ActiveCfg = Debug|Any CPU
		{049C2349-539D-4C83-A644-ECBFA4670533}.Debug|Any CPU.Build.0 = Debug|Any CPU
		{049C2349-539D-4C83-A644-ECBFA4670533}.Release|Any CPU.ActiveCfg = Release|Any CPU
		{049C2349-539D-4C83-A644-ECBFA4670533}.Release|Any CPU.Build.0 = Release|Any CPU
	EndGlobalSection
	GlobalSection(NestedProjects) = preSolution
		{84DEA3E9-CA05-4310-B905-16D5433F19FF} = {1C7389AE-AFC5-4C9A-826A-0CA0745C2E76}
		{7F5C31FA-943E-4C21-83E8-7C7421017301} = {1C7389AE-AFC5-4C9A-826A-0CA0745C2E76}
		{E5414E5F-BA8A-41F7-BBD9-F7A81F04629B} = {1C7389AE-AFC5-4C9A-826A-0CA0745C2E76}
		{9C31A865-FBFD-4929-8C63-64AFE593F2C5} = {1C7389AE-AFC5-4C9A-826A-0CA0745C2E76}
		{EA05F7B8-8B57-4E5D-8EC7-382113AA50CE} = {5302310A-54B1-4D22-A4EE-33D436F7CBCC}
		{000E77C9-8D7B-43CF-8796-DCF983BA1F4D} = {5302310A-54B1-4D22-A4EE-33D436F7CBCC}
		{049C2349-539D-4C83-A644-ECBFA4670533} = {5302310A-54B1-4D22-A4EE-33D436F7CBCC}
	EndGlobalSection
EndGlobal
